{
  "name": "minimal-mistakes",
  "version": "3.4.2",
  "lockfileVersion": 3,
  "requires": true,
  "packages": {
    "": {
      "name": "minimal-mistakes",
      "version": "3.4.2",
      "license": "MIT",
      "devDependencies": {
        "acorn": "8.18.0",
        "jquery": "4.0.0",
        "magnific-popup": "1.2.0",
        "uglify-js": "3.19.3"
      },
      "engines": {
        "node": ">=22"
      }
    },
    "node_modules/acorn": {
      "version": "8.18.0",
      "resolved": "https://registry.npmjs.org/acorn/-/acorn-8.18.0.tgz",
      "integrity": "sha512-lGq+9yr1/GuAWaVYIHRjvvySG5/4VfKIvC8EWxStPdcDh/Ka7FG3twP6v4d5BkravUilhIAsG4Qj83t02LWUPQ==",
      "dev": true,
      "license": "MIT",
      "bin": {
        "acorn": "bin/acorn"
      },
      "engines": {
        "node": ">=0.4.0"
      }
    },
    "node_modules/jquery": {
      "version": "4.0.0",
      "resolved": "https://registry.npmjs.org/jquery/-/jquery-4.0.0.tgz",
      "integrity": "sha512-TXCHVR3Lb6TZdtw1l3RTLf8RBWVGexdxL6AC8/e0xZKEpBflBsjh9/8LXw+dkNFuOyW9B7iB3O1sP7hS0Kiacg==",
      "dev": true,
      "license": "MIT"
    },
    "node_modules/magnific-popup": {
      "version": "1.2.0",
      "resolved": "https://registry.npmjs.org/magnific-popup/-/magnific-popup-1.2.0.tgz",
      "integrity": "sha512-vkRTVPhQwUgmndX1086k4kMorkzf1XIjBhyL4eIiV8SAjUJQuAdgQEFtMEwbHRFhHOfXe+vcEkRKYLjRAFzMwg==",
      "dev": true,
      "license": "MIT",
      "engines": {
        "node": ">= 0.8.0"
      }
    },
    "node_modules/uglify-js": {
      "version": "3.19.3",
      "resolved": "https://registry.npmjs.org/uglify-js/-/uglify-js-3.19.3.tgz",
      "integrity": "sha512-v3Xu+yuwBXisp6QYTcH4UbH+xYJXqnq2m/LtQVWKWzYc1iehYnLixoQDN9FH6/j9/oybfd6W9Ghwkl8+UMKTKQ==",
      "dev": true,
      "license": "BSD-2-Clause",
      "bin": {
        "uglifyjs": "bin/uglifyjs"
      },
      "engines": {
        "node": ">=0.8.0"
      }
    }
  }
}
